
Microsoft Visual Studio Solution File, Format Version 12.00
# Visual Studio Version 16
VisualStudioVersion = 16.0.31829.152
MinimumVisualStudioVersion = 10.0.40219.1
Project("{8BC9CEB8-8B4A-11D0-8D11-00A0C91BC942}") = "链式队列", "链式队列\链式队列.vcxproj", "{634B2649-256C-49B1-90D5-5D4ECB257735}"
EndProject
Project("{8BC9CEB8-8B4A-11D0-8D11-00A0C91BC942}") = "二叉树", "二叉树\二叉树.vcxproj", "{96A553BD-93B3-4FE7-B9CE-ED6C7E70AFA4}"
EndProject
Project("{8BC9CEB8-8B4A-11D0-8D11-00A0C91BC942}") = "二叉搜索树", "二叉搜索树\二叉搜索树.vcxproj", "{D2A1ED90-41AF-44CB-99F3-29C8BBB862A0}"
EndProject
Project("{8BC9CEB8-8B4A-11D0-8D11-00A0C91BC942}") = "平衡二叉树", "平衡二叉树\平衡二叉树.vcxproj", "{5201FF93-D8C8-419A-9165-20EE110BE3F6}"
EndProject
Project("{8BC9CEB8-8B4A-11D0-8D11-00A0C91BC942}") = "哈夫曼树", "哈夫曼树\哈夫曼树.vcxproj", "{848375DB-6998-42F5-BCFE-E74DADD0CCF0}"
EndProject
Project("{8BC9CEB8-8B4A-11D0-8D11-00A0C91BC942}") = "无向图-邻接多重表", "无向图-邻接多重表\无向图-邻接多重表.vcxproj", "{7ABA5F12-5926-440F-AD67-EF4F14044CFF}"
EndProject
Project("{8BC9CEB8-8B4A-11D0-8D11-00A0C91BC942}") = "无向图-邻接表", "无向图-邻接表\无向图-邻接表.vcxproj", "{3D943575-D00D-4CE2-B0FF-6A4F440954F7}"
EndProject
Project("{8BC9CEB8-8B4A-11D0-8D11-00A0C91BC942}") = "有向图-十字链表", "有向图-十字链表\有向图-十字链表.vcxproj", "{BB0F40E4-E092-48B3-94E8-B45E9CE8C8CC}"
EndProject
Project("{8BC9CEB8-8B4A-11D0-8D11-00A0C91BC942}") = "有向图-邻接矩阵", "有向图-邻接矩阵\有向图-邻接矩阵.vcxproj", "{9EC08C3C-D0F5-4663-8F63-A9EA4ED9AE12}"
EndProject
Project("{8BC9CEB8-8B4A-11D0-8D11-00A0C91BC942}") = "二分查找", "二分查找\二分查找.vcxproj", "{0551B821-457F-4121-81E0-395596C673ED}"
EndProject
Project("{8BC9CEB8-8B4A-11D0-8D11-00A0C91BC942}") = "冒泡排序", "冒泡排序\冒泡排序.vcxproj", "{6DC27AD9-A09C-4B62-B829-389069DC7BAB}"
EndProject
Project("{8BC9CEB8-8B4A-11D0-8D11-00A0C91BC942}") = "类计算器", "类计算器\类计算器.vcxproj", "{E4D2529D-62CF-4831-B2F6-3097B70D283D}"
EndProject
Project("{8BC9CEB8-8B4A-11D0-8D11-00A0C91BC942}") = "十进制转任意进制", "十进制转任意进制\十进制转任意进制.vcxproj", "{5330FB40-BCCE-41E4-A3C4-956D6D704B7D}"
EndProject
Project("{8BC9CEB8-8B4A-11D0-8D11-00A0C91BC942}") = "斐波那契数列", "斐波那契数列\斐波那契数列.vcxproj", "{C03F613D-4996-4D83-A94D-29C9B5C95B7A}"
EndProject
Project("{8BC9CEB8-8B4A-11D0-8D11-00A0C91BC942}") = "斐波那契查找", "斐波那契查找\斐波那契查找.vcxproj", "{C2BC4B85-E71F-41E7-82EA-DE322BF34709}"
EndProject
Project("{8BC9CEB8-8B4A-11D0-8D11-00A0C91BC942}") = "插入排序", "插入排序\插入排序.vcxproj", "{A38A7EBF-8CD4-49AD-9CA4-0ED3FE919AC3}"
EndProject
Project("{8BC9CEB8-8B4A-11D0-8D11-00A0C91BC942}") = "链表", "链表\链表.vcxproj", "{D32811B4-DF05-443B-909A-EB957B55A889}"
EndProject
Project("{8BC9CEB8-8B4A-11D0-8D11-00A0C91BC942}") = "归并排序", "归并排序\归并排序.vcxproj", "{097520D0-D196-436F-AD7C-0D2942E8BB94}"
EndProject
Project("{8BC9CEB8-8B4A-11D0-8D11-00A0C91BC942}") = "队列", "队列\队列.vcxproj", "{ADCD0CA7-0F6E-416E-942E-7332E4C80A93}"
EndProject
Project("{8BC9CEB8-8B4A-11D0-8D11-00A0C91BC942}") = "后缀表达式Reverse Polish Notation", "后缀表达式Reverse Polish Notation\后缀表达式Reverse Polish Notation.vcxproj", "{AB35D6B3-A22E-43C4-BA21-3699AE71A635}"
EndProject
Project("{8BC9CEB8-8B4A-11D0-8D11-00A0C91BC942}") = "选择排序", "选择排序\选择排序.vcxproj", "{34EED960-537C-4A3D-81B0-9AAA27A96602}"
EndProject
Project("{8BC9CEB8-8B4A-11D0-8D11-00A0C91BC942}") = "顺序查找", "顺序查找\顺序查找.vcxproj", "{DC7404E6-D145-44D9-967E-9F40EAA3CC8B}"
EndProject
Project("{8BC9CEB8-8B4A-11D0-8D11-00A0C91BC942}") = "栈", "栈\栈.vcxproj", "{104DC371-0B5B-4C88-8E63-5B28C0431EF6}"
EndProject
Project("{8BC9CEB8-8B4A-11D0-8D11-00A0C91BC942}") = "出栈序列", "出栈序列\出栈序列.vcxproj", "{631572C7-8827-4F6B-904A-A0EF47075FED}"
EndProject
Project("{8BC9CEB8-8B4A-11D0-8D11-00A0C91BC942}") = "字符串匹配", "字符串匹配\字符串匹配.vcxproj", "{C2843308-9F0E-4EFE-8D0D-4CDD11D60A4D}"
EndProject
Project("{8BC9CEB8-8B4A-11D0-8D11-00A0C91BC942}") = "数组", "数组\数组.vcxproj", "{8D4AA787-75D9-4B3E-8344-68B212AC7EF6}"
EndProject
Project("{8BC9CEB8-8B4A-11D0-8D11-00A0C91BC942}") = "深度优先搜索DFS和广度优先搜索BFS", "深度优先搜索DFS和广度优先搜索BFS\深度优先搜索DFS和广度优先搜索BFS.vcxproj", "{E0D10ECF-8DC8-4524-9619-AA5FBBD17750}"
EndProject
Project("{8BC9CEB8-8B4A-11D0-8D11-00A0C91BC942}") = "邻接表", "邻接表\邻接表.vcxproj", "{37C642DA-D517-4828-B4C8-36B115061344}"
EndProject
Project("{8BC9CEB8-8B4A-11D0-8D11-00A0C91BC942}") = "拓扑排序", "拓扑排序\拓扑排序.vcxproj", "{DC6C0C34-6B8B-42C7-AA0A-F9A7C63781EF}"
EndProject
Project("{8BC9CEB8-8B4A-11D0-8D11-00A0C91BC942}") = "伸展树", "伸展树\伸展树.vcxproj", "{6827DBDD-87AD-41C9-9F4F-89AA49287684}"
EndProject
Global
	GlobalSection(SolutionConfigurationPlatforms) = preSolution
		Debug|x64 = Debug|x64
		Debug|x86 = Debug|x86
		Release|x64 = Release|x64
		Release|x86 = Release|x86
	EndGlobalSection
	GlobalSection(ProjectConfigurationPlatforms) = postSolution
		{634B2649-256C-49B1-90D5-5D4ECB257735}.Debug|x64.ActiveCfg = Debug|x64
		{634B2649-256C-49B1-90D5-5D4ECB257735}.Debug|x64.Build.0 = Debug|x64
		{634B2649-256C-49B1-90D5-5D4ECB257735}.Debug|x86.ActiveCfg = Debug|Win32
		{634B2649-256C-49B1-90D5-5D4ECB257735}.Debug|x86.Build.0 = Debug|Win32
		{634B2649-256C-49B1-90D5-5D4ECB257735}.Release|x64.ActiveCfg = Release|x64
		{634B2649-256C-49B1-90D5-5D4ECB257735}.Release|x64.Build.0 = Release|x64
		{634B2649-256C-49B1-90D5-5D4ECB257735}.Release|x86.ActiveCfg = Release|Win32
		{634B2649-256C-49B1-90D5-5D4ECB257735}.Release|x86.Build.0 = Release|Win32
		{96A553BD-93B3-4FE7-B9CE-ED6C7E70AFA4}.Debug|x64.ActiveCfg = Debug|x64
		{96A553BD-93B3-4FE7-B9CE-ED6C7E70AFA4}.Debug|x64.Build.0 = Debug|x64
		{96A553BD-93B3-4FE7-B9CE-ED6C7E70AFA4}.Debug|x86.ActiveCfg = Debug|Win32
		{96A553BD-93B3-4FE7-B9CE-ED6C7E70AFA4}.Debug|x86.Build.0 = Debug|Win32
		{96A553BD-93B3-4FE7-B9CE-ED6C7E70AFA4}.Release|x64.ActiveCfg = Release|x64
		{96A553BD-93B3-4FE7-B9CE-ED6C7E70AFA4}.Release|x64.Build.0 = Release|x64
		{96A553BD-93B3-4FE7-B9CE-ED6C7E70AFA4}.Release|x86.ActiveCfg = Release|Win32
		{96A553BD-93B3-4FE7-B9CE-ED6C7E70AFA4}.Release|x86.Build.0 = Release|Win32
		{D2A1ED90-41AF-44CB-99F3-29C8BBB862A0}.Debug|x64.ActiveCfg = Debug|x64
		{D2A1ED90-41AF-44CB-99F3-29C8BBB862A0}.Debug|x64.Build.0 = Debug|x64
		{D2A1ED90-41AF-44CB-99F3-29C8BBB862A0}.Debug|x86.ActiveCfg = Debug|Win32
		{D2A1ED90-41AF-44CB-99F3-29C8BBB862A0}.Debug|x86.Build.0 = Debug|Win32
		{D2A1ED90-41AF-44CB-99F3-29C8BBB862A0}.Release|x64.ActiveCfg = Release|x64
		{D2A1ED90-41AF-44CB-99F3-29C8BBB862A0}.Release|x64.Build.0 = Release|x64
		{D2A1ED90-41AF-44CB-99F3-29C8BBB862A0}.Release|x86.ActiveCfg = Release|Win32
		{D2A1ED90-41AF-44CB-99F3-29C8BBB862A0}.Release|x86.Build.0 = Release|Win32
		{5201FF93-D8C8-419A-9165-20EE110BE3F6}.Debug|x64.ActiveCfg = Debug|x64
		{5201FF93-D8C8-419A-9165-20EE110BE3F6}.Debug|x64.Build.0 = Debug|x64
		{5201FF93-D8C8-419A-9165-20EE110BE3F6}.Debug|x86.ActiveCfg = Debug|Win32
		{5201FF93-D8C8-419A-9165-20EE110BE3F6}.Debug|x86.Build.0 = Debug|Win32
		{5201FF93-D8C8-419A-9165-20EE110BE3F6}.Release|x64.ActiveCfg = Release|x64
		{5201FF93-D8C8-419A-9165-20EE110BE3F6}.Release|x64.Build.0 = Release|x64
		{5201FF93-D8C8-419A-9165-20EE110BE3F6}.Release|x86.ActiveCfg = Release|Win32
		{5201FF93-D8C8-419A-9165-20EE110BE3F6}.Release|x86.Build.0 = Release|Win32
		{848375DB-6998-42F5-BCFE-E74DADD0CCF0}.Debug|x64.ActiveCfg = Debug|x64
		{848375DB-6998-42F5-BCFE-E74DADD0CCF0}.Debug|x64.Build.0 = Debug|x64
		{848375DB-6998-42F5-BCFE-E74DADD0CCF0}.Debug|x86.ActiveCfg = Debug|Win32
		{848375DB-6998-42F5-BCFE-E74DADD0CCF0}.Debug|x86.Build.0 = Debug|Win32
		{848375DB-6998-42F5-BCFE-E74DADD0CCF0}.Release|x64.ActiveCfg = Release|x64
		{848375DB-6998-42F5-BCFE-E74DADD0CCF0}.Release|x64.Build.0 = Release|x64
		{848375DB-6998-42F5-BCFE-E74DADD0CCF0}.Release|x86.ActiveCfg = Release|Win32
		{848375DB-6998-42F5-BCFE-E74DADD0CCF0}.Release|x86.Build.0 = Release|Win32
		{7ABA5F12-5926-440F-AD67-EF4F14044CFF}.Debug|x64.ActiveCfg = Debug|x64
		{7ABA5F12-5926-440F-AD67-EF4F14044CFF}.Debug|x64.Build.0 = Debug|x64
		{7ABA5F12-5926-440F-AD67-EF4F14044CFF}.Debug|x86.ActiveCfg = Debug|Win32
		{7ABA5F12-5926-440F-AD67-EF4F14044CFF}.Debug|x86.Build.0 = Debug|Win32
		{7ABA5F12-5926-440F-AD67-EF4F14044CFF}.Release|x64.ActiveCfg = Release|x64
		{7ABA5F12-5926-440F-AD67-EF4F14044CFF}.Release|x64.Build.0 = Release|x64
		{7ABA5F12-5926-440F-AD67-EF4F14044CFF}.Release|x86.ActiveCfg = Release|Win32
		{7ABA5F12-5926-440F-AD67-EF4F14044CFF}.Release|x86.Build.0 = Release|Win32
		{3D943575-D00D-4CE2-B0FF-6A4F440954F7}.Debug|x64.ActiveCfg = Debug|x64
		{3D943575-D00D-4CE2-B0FF-6A4F440954F7}.Debug|x64.Build.0 = Debug|x64
		{3D943575-D00D-4CE2-B0FF-6A4F440954F7}.Debug|x86.ActiveCfg = Debug|Win32
		{3D943575-D00D-4CE2-B0FF-6A4F440954F7}.Debug|x86.Build.0 = Debug|Win32
		{3D943575-D00D-4CE2-B0FF-6A4F440954F7}.Release|x64.ActiveCfg = Release|x64
		{3D943575-D00D-4CE2-B0FF-6A4F440954F7}.Release|x64.Build.0 = Release|x64
		{3D943575-D00D-4CE2-B0FF-6A4F440954F7}.Release|x86.ActiveCfg = Release|Win32
		{3D943575-D00D-4CE2-B0FF-6A4F440954F7}.Release|x86.Build.0 = Release|Win32
		{BB0F40E4-E092-48B3-94E8-B45E9CE8C8CC}.Debug|x64.ActiveCfg = Debug|x64
		{BB0F40E4-E092-48B3-94E8-B45E9CE8C8CC}.Debug|x64.Build.0 = Debug|x64
		{BB0F40E4-E092-48B3-94E8-B45E9CE8C8CC}.Debug|x86.ActiveCfg = Debug|Win32
		{BB0F40E4-E092-48B3-94E8-B45E9CE8C8CC}.Debug|x86.Build.0 = Debug|Win32
		{BB0F40E4-E092-48B3-94E8-B45E9CE8C8CC}.Release|x64.ActiveCfg = Release|x64
		{BB0F40E4-E092-48B3-94E8-B45E9CE8C8CC}.Release|x64.Build.0 = Release|x64
		{BB0F40E4-E092-48B3-94E8-B45E9CE8C8CC}.Release|x86.ActiveCfg = Release|Win32
		{BB0F40E4-E092-48B3-94E8-B45E9CE8C8CC}.Release|x86.Build.0 = Release|Win32
		{9EC08C3C-D0F5-4663-8F63-A9EA4ED9AE12}.Debug|x64.ActiveCfg = Debug|x64
		{9EC08C3C-D0F5-4663-8F63-A9EA4ED9AE12}.Debug|x64.Build.0 = Debug|x64
		{9EC08C3C-D0F5-4663-8F63-A9EA4ED9AE12}.Debug|x86.ActiveCfg = Debug|Win32
		{9EC08C3C-D0F5-4663-8F63-A9EA4ED9AE12}.Debug|x86.Build.0 = Debug|Win32
		{9EC08C3C-D0F5-4663-8F63-A9EA4ED9AE12}.Release|x64.ActiveCfg = Release|x64
		{9EC08C3C-D0F5-4663-8F63-A9EA4ED9AE12}.Release|x64.Build.0 = Release|x64
		{9EC08C3C-D0F5-4663-8F63-A9EA4ED9AE12}.Release|x86.ActiveCfg = Release|Win32
		{9EC08C3C-D0F5-4663-8F63-A9EA4ED9AE12}.Release|x86.Build.0 = Release|Win32
		{0551B821-457F-4121-81E0-395596C673ED}.Debug|x64.ActiveCfg = Debug|x64
		{0551B821-457F-4121-81E0-395596C673ED}.Debug|x64.Build.0 = Debug|x64
		{0551B821-457F-4121-81E0-395596C673ED}.Debug|x86.ActiveCfg = Debug|Win32
		{0551B821-457F-4121-81E0-395596C673ED}.Debug|x86.Build.0 = Debug|Win32
		{0551B821-457F-4121-81E0-395596C673ED}.Release|x64.ActiveCfg = Release|x64
		{0551B821-457F-4121-81E0-395596C673ED}.Release|x64.Build.0 = Release|x64
		{0551B821-457F-4121-81E0-395596C673ED}.Release|x86.ActiveCfg = Release|Win32
		{0551B821-457F-4121-81E0-395596C673ED}.Release|x86.Build.0 = Release|Win32
		{6DC27AD9-A09C-4B62-B829-389069DC7BAB}.Debug|x64.ActiveCfg = Debug|x64
		{6DC27AD9-A09C-4B62-B829-389069DC7BAB}.Debug|x64.Build.0 = Debug|x64
		{6DC27AD9-A09C-4B62-B829-389069DC7BAB}.Debug|x86.ActiveCfg = Debug|Win32
		{6DC27AD9-A09C-4B62-B829-389069DC7BAB}.Debug|x86.Build.0 = Debug|Win32
		{6DC27AD9-A09C-4B62-B829-389069DC7BAB}.Release|x64.ActiveCfg = Release|x64
		{6DC27AD9-A09C-4B62-B829-389069DC7BAB}.Release|x64.Build.0 = Release|x64
		{6DC27AD9-A09C-4B62-B829-389069DC7BAB}.Release|x86.ActiveCfg = Release|Win32
		{6DC27AD9-A09C-4B62-B829-389069DC7BAB}.Release|x86.Build.0 = Release|Win32
		{E4D2529D-62CF-4831-B2F6-3097B70D283D}.Debug|x64.ActiveCfg = Debug|x64
		{E4D2529D-62CF-4831-B2F6-3097B70D283D}.Debug|x64.Build.0 = Debug|x64
		{E4D2529D-62CF-4831-B2F6-3097B70D283D}.Debug|x86.ActiveCfg = Debug|Win32
		{E4D2529D-62CF-4831-B2F6-3097B70D283D}.Debug|x86.Build.0 = Debug|Win32
		{E4D2529D-62CF-4831-B2F6-3097B70D283D}.Release|x64.ActiveCfg = Release|x64
		{E4D2529D-62CF-4831-B2F6-3097B70D283D}.Release|x64.Build.0 = Release|x64
		{E4D2529D-62CF-4831-B2F6-3097B70D283D}.Release|x86.ActiveCfg = Release|Win32
		{E4D2529D-62CF-4831-B2F6-3097B70D283D}.Release|x86.Build.0 = Release|Win32
		{5330FB40-BCCE-41E4-A3C4-956D6D704B7D}.Debug|x64.ActiveCfg = Debug|x64
		{5330FB40-BCCE-41E4-A3C4-956D6D704B7D}.Debug|x64.Build.0 = Debug|x64
		{5330FB40-BCCE-41E4-A3C4-956D6D704B7D}.Debug|x86.ActiveCfg = Debug|Win32
		{5330FB40-BCCE-41E4-A3C4-956D6D704B7D}.Debug|x86.Build.0 = Debug|Win32
		{5330FB40-BCCE-41E4-A3C4-956D6D704B7D}.Release|x64.ActiveCfg = Release|x64
		{5330FB40-BCCE-41E4-A3C4-956D6D704B7D}.Release|x64.Build.0 = Release|x64
		{5330FB40-BCCE-41E4-A3C4-956D6D704B7D}.Release|x86.ActiveCfg = Release|Win32
		{5330FB40-BCCE-41E4-A3C4-956D6D704B7D}.Release|x86.Build.0 = Release|Win32
		{C03F613D-4996-4D83-A94D-29C9B5C95B7A}.Debug|x64.ActiveCfg = Debug|x64
		{C03F613D-4996-4D83-A94D-29C9B5C95B7A}.Debug|x64.Build.0 = Debug|x64
		{C03F613D-4996-4D83-A94D-29C9B5C95B7A}.Debug|x86.ActiveCfg = Debug|Win32
		{C03F613D-4996-4D83-A94D-29C9B5C95B7A}.Debug|x86.Build.0 = Debug|Win32
		{C03F613D-4996-4D83-A94D-29C9B5C95B7A}.Release|x64.ActiveCfg = Release|x64
		{C03F613D-4996-4D83-A94D-29C9B5C95B7A}.Release|x64.Build.0 = Release|x64
		{C03F613D-4996-4D83-A94D-29C9B5C95B7A}.Release|x86.ActiveCfg = Release|Win32
		{C03F613D-4996-4D83-A94D-29C9B5C95B7A}.Release|x86.Build.0 = Release|Win32
		{C2BC4B85-E71F-41E7-82EA-DE322BF34709}.Debug|x64.ActiveCfg = Debug|x64
		{C2BC4B85-E71F-41E7-82EA-DE322BF34709}.Debug|x64.Build.0 = Debug|x64
		{C2BC4B85-E71F-41E7-82EA-DE322BF34709}.Debug|x86.ActiveCfg = Debug|Win32
		{C2BC4B85-E71F-41E7-82EA-DE322BF34709}.Debug|x86.Build.0 = Debug|Win32
		{C2BC4B85-E71F-41E7-82EA-DE322BF34709}.Release|x64.ActiveCfg = Release|x64
		{C2BC4B85-E71F-41E7-82EA-DE322BF34709}.Release|x64.Build.0 = Release|x64
		{C2BC4B85-E71F-41E7-82EA-DE322BF34709}.Release|x86.ActiveCfg = Release|Win32
		{C2BC4B85-E71F-41E7-82EA-DE322BF34709}.Release|x86.Build.0 = Release|Win32
		{A38A7EBF-8CD4-49AD-9CA4-0ED3FE919AC3}.Debug|x64.ActiveCfg = Debug|x64
		{A38A7EBF-8CD4-49AD-9CA4-0ED3FE919AC3}.Debug|x64.Build.0 = Debug|x64
		{A38A7EBF-8CD4-49AD-9CA4-0ED3FE919AC3}.Debug|x86.ActiveCfg = Debug|Win32
		{A38A7EBF-8CD4-49AD-9CA4-0ED3FE919AC3}.Debug|x86.Build.0 = Debug|Win32
		{A38A7EBF-8CD4-49AD-9CA4-0ED3FE919AC3}.Release|x64.ActiveCfg = Release|x64
		{A38A7EBF-8CD4-49AD-9CA4-0ED3FE919AC3}.Release|x64.Build.0 = Release|x64
		{A38A7EBF-8CD4-49AD-9CA4-0ED3FE919AC3}.Release|x86.ActiveCfg = Release|Win32
		{A38A7EBF-8CD4-49AD-9CA4-0ED3FE919AC3}.Release|x86.Build.0 = Release|Win32
		{D32811B4-DF05-443B-909A-EB957B55A889}.Debug|x64.ActiveCfg = Debug|x64
		{D32811B4-DF05-443B-909A-EB957B55A889}.Debug|x64.Build.0 = Debug|x64
		{D32811B4-DF05-443B-909A-EB957B55A889}.Debug|x86.ActiveCfg = Debug|Win32
		{D32811B4-DF05-443B-909A-EB957B55A889}.Debug|x86.Build.0 = Debug|Win32
		{D32811B4-DF05-443B-909A-EB957B55A889}.Release|x64.ActiveCfg = Release|x64
		{D32811B4-DF05-443B-909A-EB957B55A889}.Release|x64.Build.0 = Release|x64
		{D32811B4-DF05-443B-909A-EB957B55A889}.Release|x86.ActiveCfg = Release|Win32
		{D32811B4-DF05-443B-909A-EB957B55A889}.Release|x86.Build.0 = Release|Win32
		{097520D0-D196-436F-AD7C-0D2942E8BB94}.Debug|x64.ActiveCfg = Debug|x64
		{097520D0-D196-436F-AD7C-0D2942E8BB94}.Debug|x64.Build.0 = Debug|x64
		{097520D0-D196-436F-AD7C-0D2942E8BB94}.Debug|x86.ActiveCfg = Debug|Win32
		{097520D0-D196-436F-AD7C-0D2942E8BB94}.Debug|x86.Build.0 = Debug|Win32
		{097520D0-D196-436F-AD7C-0D2942E8BB94}.Release|x64.ActiveCfg = Release|x64
		{097520D0-D196-436F-AD7C-0D2942E8BB94}.Release|x64.Build.0 = Release|x64
		{097520D0-D196-436F-AD7C-0D2942E8BB94}.Release|x86.ActiveCfg = Release|Win32
		{097520D0-D196-436F-AD7C-0D2942E8BB94}.Release|x86.Build.0 = Release|Win32
		{ADCD0CA7-0F6E-416E-942E-7332E4C80A93}.Debug|x64.ActiveCfg = Debug|x64
		{ADCD0CA7-0F6E-416E-942E-7332E4C80A93}.Debug|x64.Build.0 = Debug|x64
		{ADCD0CA7-0F6E-416E-942E-7332E4C80A93}.Debug|x86.ActiveCfg = Debug|Win32
		{ADCD0CA7-0F6E-416E-942E-7332E4C80A93}.Debug|x86.Build.0 = Debug|Win32
		{ADCD0CA7-0F6E-416E-942E-7332E4C80A93}.Release|x64.ActiveCfg = Release|x64
		{ADCD0CA7-0F6E-416E-942E-7332E4C80A93}.Release|x64.Build.0 = Release|x64
		{ADCD0CA7-0F6E-416E-942E-7332E4C80A93}.Release|x86.ActiveCfg = Release|Win32
		{ADCD0CA7-0F6E-416E-942E-7332E4C80A93}.Release|x86.Build.0 = Release|Win32
		{AB35D6B3-A22E-43C4-BA21-3699AE71A635}.Debug|x64.ActiveCfg = Debug|x64
		{AB35D6B3-A22E-43C4-BA21-3699AE71A635}.Debug|x64.Build.0 = Debug|x64
		{AB35D6B3-A22E-43C4-BA21-3699AE71A635}.Debug|x86.ActiveCfg = Debug|Win32
		{AB35D6B3-A22E-43C4-BA21-3699AE71A635}.Debug|x86.Build.0 = Debug|Win32
		{AB35D6B3-A22E-43C4-BA21-3699AE71A635}.Release|x64.ActiveCfg = Release|x64
		{AB35D6B3-A22E-43C4-BA21-3699AE71A635}.Release|x64.Build.0 = Release|x64
		{AB35D6B3-A22E-43C4-BA21-3699AE71A635}.Release|x86.ActiveCfg = Release|Win32
		{AB35D6B3-A22E-43C4-BA21-3699AE71A635}.Release|x86.Build.0 = Release|Win32
		{34EED960-537C-4A3D-81B0-9AAA27A96602}.Debug|x64.ActiveCfg = Debug|x64
		{34EED960-537C-4A3D-81B0-9AAA27A96602}.Debug|x64.Build.0 = Debug|x64
		{34EED960-537C-4A3D-81B0-9AAA27A96602}.Debug|x86.ActiveCfg = Debug|Win32
		{34EED960-537C-4A3D-81B0-9AAA27A96602}.Debug|x86.Build.0 = Debug|Win32
		{34EED960-537C-4A3D-81B0-9AAA27A96602}.Release|x64.ActiveCfg = Release|x64
		{34EED960-537C-4A3D-81B0-9AAA27A96602}.Release|x64.Build.0 = Release|x64
		{34EED960-537C-4A3D-81B0-9AAA27A96602}.Release|x86.ActiveCfg = Release|Win32
		{34EED960-537C-4A3D-81B0-9AAA27A96602}.Release|x86.Build.0 = Release|Win32
		{DC7404E6-D145-44D9-967E-9F40EAA3CC8B}.Debug|x64.ActiveCfg = Debug|x64
		{DC7404E6-D145-44D9-967E-9F40EAA3CC8B}.Debug|x64.Build.0 = Debug|x64
		{DC7404E6-D145-44D9-967E-9F40EAA3CC8B}.Debug|x86.ActiveCfg = Debug|Win32
		{DC7404E6-D145-44D9-967E-9F40EAA3CC8B}.Debug|x86.Build.0 = Debug|Win32
		{DC7404E6-D145-44D9-967E-9F40EAA3CC8B}.Release|x64.ActiveCfg = Release|x64
		{DC7404E6-D145-44D9-967E-9F40EAA3CC8B}.Release|x64.Build.0 = Release|x64
		{DC7404E6-D145-44D9-967E-9F40EAA3CC8B}.Release|x86.ActiveCfg = Release|Win32
		{DC7404E6-D145-44D9-967E-9F40EAA3CC8B}.Release|x86.Build.0 = Release|Win32
		{104DC371-0B5B-4C88-8E63-5B28C0431EF6}.Debug|x64.ActiveCfg = Debug|x64
		{104DC371-0B5B-4C88-8E63-5B28C0431EF6}.Debug|x64.Build.0 = Debug|x64
		{104DC371-0B5B-4C88-8E63-5B28C0431EF6}.Debug|x86.ActiveCfg = Debug|Win32
		{104DC371-0B5B-4C88-8E63-5B28C0431EF6}.Debug|x86.Build.0 = Debug|Win32
		{104DC371-0B5B-4C88-8E63-5B28C0431EF6}.Release|x64.ActiveCfg = Release|x64
		{104DC371-0B5B-4C88-8E63-5B28C0431EF6}.Release|x64.Build.0 = Release|x64
		{104DC371-0B5B-4C88-8E63-5B28C0431EF6}.Release|x86.ActiveCfg = Release|Win32
		{104DC371-0B5B-4C88-8E63-5B28C0431EF6}.Release|x86.Build.0 = Release|Win32
		{631572C7-8827-4F6B-904A-A0EF47075FED}.Debug|x64.ActiveCfg = Debug|x64
		{631572C7-8827-4F6B-904A-A0EF47075FED}.Debug|x64.Build.0 = Debug|x64
		{631572C7-8827-4F6B-904A-A0EF47075FED}.Debug|x86.ActiveCfg = Debug|Win32
		{631572C7-8827-4F6B-904A-A0EF47075FED}.Debug|x86.Build.0 = Debug|Win32
		{631572C7-8827-4F6B-904A-A0EF47075FED}.Release|x64.ActiveCfg = Release|x64
		{631572C7-8827-4F6B-904A-A0EF47075FED}.Release|x64.Build.0 = Release|x64
		{631572C7-8827-4F6B-904A-A0EF47075FED}.Release|x86.ActiveCfg = Release|Win32
		{631572C7-8827-4F6B-904A-A0EF47075FED}.Release|x86.Build.0 = Release|Win32
		{C2843308-9F0E-4EFE-8D0D-4CDD11D60A4D}.Debug|x64.ActiveCfg = Debug|x64
		{C2843308-9F0E-4EFE-8D0D-4CDD11D60A4D}.Debug|x64.Build.0 = Debug|x64
		{C2843308-9F0E-4EFE-8D0D-4CDD11D60A4D}.Debug|x86.ActiveCfg = Debug|Win32
		{C2843308-9F0E-4EFE-8D0D-4CDD11D60A4D}.Debug|x86.Build.0 = Debug|Win32
		{C2843308-9F0E-4EFE-8D0D-4CDD11D60A4D}.Release|x64.ActiveCfg = Release|x64
		{C2843308-9F0E-4EFE-8D0D-4CDD11D60A4D}.Release|x64.Build.0 = Release|x64
		{C2843308-9F0E-4EFE-8D0D-4CDD11D60A4D}.Release|x86.ActiveCfg = Release|Win32
		{C2843308-9F0E-4EFE-8D0D-4CDD11D60A4D}.Release|x86.Build.0 = Release|Win32
		{8D4AA787-75D9-4B3E-8344-68B212AC7EF6}.Debug|x64.ActiveCfg = Debug|x64
		{8D4AA787-75D9-4B3E-8344-68B212AC7EF6}.Debug|x64.Build.0 = Debug|x64
		{8D4AA787-75D9-4B3E-8344-68B212AC7EF6}.Debug|x86.ActiveCfg = Debug|Win32
		{8D4AA787-75D9-4B3E-8344-68B212AC7EF6}.Debug|x86.Build.0 = Debug|Win32
		{8D4AA787-75D9-4B3E-8344-68B212AC7EF6}.Release|x64.ActiveCfg = Release|x64
		{8D4AA787-75D9-4B3E-8344-68B212AC7EF6}.Release|x64.Build.0 = Release|x64
		{8D4AA787-75D9-4B3E-8344-68B212AC7EF6}.Release|x86.ActiveCfg = Release|Win32
		{8D4AA787-75D9-4B3E-8344-68B212AC7EF6}.Release|x86.Build.0 = Release|Win32
		{E0D10ECF-8DC8-4524-9619-AA5FBBD17750}.Debug|x64.ActiveCfg = Debug|x64
		{E0D10ECF-8DC8-4524-9619-AA5FBBD17750}.Debug|x64.Build.0 = Debug|x64
		{E0D10ECF-8DC8-4524-9619-AA5FBBD17750}.Debug|x86.ActiveCfg = Debug|Win32
		{E0D10ECF-8DC8-4524-9619-AA5FBBD17750}.Debug|x86.Build.0 = Debug|Win32
		{E0D10ECF-8DC8-4524-9619-AA5FBBD17750}.Release|x64.ActiveCfg = Release|x64
		{E0D10ECF-8DC8-4524-9619-AA5FBBD17750}.Release|x64.Build.0 = Release|x64
		{E0D10ECF-8DC8-4524-9619-AA5FBBD17750}.Release|x86.ActiveCfg = Release|Win32
		{E0D10ECF-8DC8-4524-9619-AA5FBBD17750}.Release|x86.Build.0 = Release|Win32
		{37C642DA-D517-4828-B4C8-36B115061344}.Debug|x64.ActiveCfg = Debug|x64
		{37C642DA-D517-4828-B4C8-36B115061344}.Debug|x64.Build.0 = Debug|x64
		{37C642DA-D517-4828-B4C8-36B115061344}.Debug|x86.ActiveCfg = Debug|Win32
		{37C642DA-D517-4828-B4C8-36B115061344}.Debug|x86.Build.0 = Debug|Win32
		{37C642DA-D517-4828-B4C8-36B115061344}.Release|x64.ActiveCfg = Release|x64
		{37C642DA-D517-4828-B4C8-36B115061344}.Release|x64.Build.0 = Release|x64
		{37C642DA-D517-4828-B4C8-36B115061344}.Release|x86.ActiveCfg = Release|Win32
		{37C642DA-D517-4828-B4C8-36B115061344}.Release|x86.Build.0 = Release|Win32
		{DC6C0C34-6B8B-42C7-AA0A-F9A7C63781EF}.Debug|x64.ActiveCfg = Debug|x64
		{DC6C0C34-6B8B-42C7-AA0A-F9A7C63781EF}.Debug|x64.Build.0 = Debug|x64
		{DC6C0C34-6B8B-42C7-AA0A-F9A7C63781EF}.Debug|x86.ActiveCfg = Debug|Win32
		{DC6C0C34-6B8B-42C7-AA0A-F9A7C63781EF}.Debug|x86.Build.0 = Debug|Win32
		{DC6C0C34-6B8B-42C7-AA0A-F9A7C63781EF}.Release|x64.ActiveCfg = Release|x64
		{DC6C0C34-6B8B-42C7-AA0A-F9A7C63781EF}.Release|x64.Build.0 = Release|x64
		{DC6C0C34-6B8B-42C7-AA0A-F9A7C63781EF}.Release|x86.ActiveCfg = Release|Win32
		{DC6C0C34-6B8B-42C7-AA0A-F9A7C63781EF}.Release|x86.Build.0 = Release|Win32
		{6827DBDD-87AD-41C9-9F4F-89AA49287684}.Debug|x64.ActiveCfg = Debug|x64
		{6827DBDD-87AD-41C9-9F4F-89AA49287684}.Debug|x64.Build.0 = Debug|x64
		{6827DBDD-87AD-41C9-9F4F-89AA49287684}.Debug|x86.ActiveCfg = Debug|Win32
		{6827DBDD-87AD-41C9-9F4F-89AA49287684}.Debug|x86.Build.0 = Debug|Win32
		{6827DBDD-87AD-41C9-9F4F-89AA49287684}.Release|x64.ActiveCfg = Release|x64
		{6827DBDD-87AD-41C9-9F4F-89AA49287684}.Release|x64.Build.0 = Release|x64
		{6827DBDD-87AD-41C9-9F4F-89AA49287684}.Release|x86.ActiveCfg = Release|Win32
		{6827DBDD-87AD-41C9-9F4F-89AA49287684}.Release|x86.Build.0 = Release|Win32
	EndGlobalSection
	GlobalSection(SolutionProperties) = preSolution
		HideSolutionNode = FALSE
	EndGlobalSection
	GlobalSection(ExtensibilityGlobals) = postSolution
		SolutionGuid = {985BBEBC-FA8F-430A-8166-C7E9555A0FF3}
	EndGlobalSection
EndGlobal
