
Microsoft Visual Studio Solution File, Format Version 12.00
# Visual Studio Version 16
VisualStudioVersion = 16.0.31829.152
MinimumVisualStudioVersion = 10.0.40219.1
Project("{8BC9CEB8-8B4A-11D0-8D11-00A0C91BC942}") = "BinarySearch", "..\BinarySearch\BinarySearch.vcxproj", "{62D4AF8B-18CF-4259-BB42-4478E1640937}"
EndProject
Project("{8BC9CEB8-8B4A-11D0-8D11-00A0C91BC942}") = "Bubble_Sort", "..\Bubble_Sort\Bubble_Sort.vcxproj", "{0FD4D384-15C7-4B68-ACF9-CDB067D5905C}"
EndProject
Project("{8BC9CEB8-8B4A-11D0-8D11-00A0C91BC942}") = "caculator", "..\caculator\caculator\caculator.vcxproj", "{4F20CDDA-98BC-42FB-B087-8334C2563E24}"
EndProject
Project("{8BC9CEB8-8B4A-11D0-8D11-00A0C91BC942}") = "Convert", "..\Convert\Convert.vcxproj", "{980C2A6D-7D03-4FCA-999B-2B0C7D9E310D}"
EndProject
Project("{8BC9CEB8-8B4A-11D0-8D11-00A0C91BC942}") = "Fibonacci", "..\Fibonacci\Fibonacci.vcxproj", "{53B3DC1A-0A6A-4950-BF1E-A0C1BB4E5FBD}"
EndProject
Project("{8BC9CEB8-8B4A-11D0-8D11-00A0C91BC942}") = "Fibonacci_Search", "..\Fibonacci_Search\Fibonacci_Search.vcxproj", "{7F7D6EC6-F98D-4C6B-9845-E94E8C4935A2}"
EndProject
Project("{8BC9CEB8-8B4A-11D0-8D11-00A0C91BC942}") = "Insert_Sort", "..\Insert_Sort\Insert_Sort.vcxproj", "{C1A5657B-1114-4D57-AF32-8B122F65149A}"
EndProject
Project("{8BC9CEB8-8B4A-11D0-8D11-00A0C91BC942}") = "InsertSearch", "..\InsertSearch\InsertSearch.vcxproj", "{88BD1943-061B-4361-8961-21A9C9C299F2}"
EndProject
Project("{8BC9CEB8-8B4A-11D0-8D11-00A0C91BC942}") = "LinkNode", "..\LinkNode\LinkNode.vcxproj", "{5E2BE13A-3887-4A75-AC1D-50263C998516}"
EndProject
Project("{8BC9CEB8-8B4A-11D0-8D11-00A0C91BC942}") = "MergeSort", "..\MergeSort\MergeSort.vcxproj", "{65CF8C59-4E5A-4A87-A5AE-DBE2B4E7752B}"
EndProject
Project("{8BC9CEB8-8B4A-11D0-8D11-00A0C91BC942}") = "Queue", "..\Queue\Queue.vcxproj", "{8FC37C78-8745-4ACC-A7F9-47E0B3083951}"
EndProject
Project("{8BC9CEB8-8B4A-11D0-8D11-00A0C91BC942}") = "Strcpy", "..\Strcpy\Strcpy.vcxproj", "{B7713DA9-2126-4BCE-9C1A-6A242C4CDA93}"
EndProject
Project("{8BC9CEB8-8B4A-11D0-8D11-00A0C91BC942}") = "Stack_Shuffling", "..\Stack_Shuffling\Stack_Shuffling.vcxproj", "{DF021894-8A31-4677-8649-3AC74D03CC73}"
EndProject
Project("{8BC9CEB8-8B4A-11D0-8D11-00A0C91BC942}") = "stack", "..\stack\stack.vcxproj", "{BCC84775-FDC9-48FE-84F5-FDD051E7058C}"
EndProject
Project("{8BC9CEB8-8B4A-11D0-8D11-00A0C91BC942}") = "SequenceSearch", "..\SequenceSearch\SequenceSearch.vcxproj", "{C390EBBF-BECE-4D1E-ADB2-D6306C29D13D}"
EndProject
Project("{8BC9CEB8-8B4A-11D0-8D11-00A0C91BC942}") = "Selection_Sort", "..\Selection_Sort\Selection_Sort.vcxproj", "{C57543A2-B4D6-4A56-B72D-07D06A2EDF0D}"
EndProject
Project("{8BC9CEB8-8B4A-11D0-8D11-00A0C91BC942}") = "Reverse_Polish_Notation", "..\Reverse_Polish_Notation\Reverse_Polish_Notation.vcxproj", "{292A1648-9968-4E67-A95E-DF2BDDEC30A8}"
EndProject
Project("{8BC9CEB8-8B4A-11D0-8D11-00A0C91BC942}") = "链式队列", "链式队列\链式队列.vcxproj", "{634B2649-256C-49B1-90D5-5D4ECB257735}"
EndProject
Project("{8BC9CEB8-8B4A-11D0-8D11-00A0C91BC942}") = "二叉树", "二叉树\二叉树.vcxproj", "{96A553BD-93B3-4FE7-B9CE-ED6C7E70AFA4}"
EndProject
Project("{8BC9CEB8-8B4A-11D0-8D11-00A0C91BC942}") = "二叉搜索树", "二叉搜索树\二叉搜索树.vcxproj", "{D2A1ED90-41AF-44CB-99F3-29C8BBB862A0}"
EndProject
Project("{8BC9CEB8-8B4A-11D0-8D11-00A0C91BC942}") = "平衡二叉树", "平衡二叉树\平衡二叉树.vcxproj", "{5201FF93-D8C8-419A-9165-20EE110BE3F6}"
EndProject
Global
	GlobalSection(SolutionConfigurationPlatforms) = preSolution
		Debug|x64 = Debug|x64
		Debug|x86 = Debug|x86
		Release|x64 = Release|x64
		Release|x86 = Release|x86
	EndGlobalSection
	GlobalSection(ProjectConfigurationPlatforms) = postSolution
		{62D4AF8B-18CF-4259-BB42-4478E1640937}.Debug|x64.ActiveCfg = Debug|x64
		{62D4AF8B-18CF-4259-BB42-4478E1640937}.Debug|x64.Build.0 = Debug|x64
		{62D4AF8B-18CF-4259-BB42-4478E1640937}.Debug|x86.ActiveCfg = Debug|Win32
		{62D4AF8B-18CF-4259-BB42-4478E1640937}.Debug|x86.Build.0 = Debug|Win32
		{62D4AF8B-18CF-4259-BB42-4478E1640937}.Release|x64.ActiveCfg = Release|x64
		{62D4AF8B-18CF-4259-BB42-4478E1640937}.Release|x64.Build.0 = Release|x64
		{62D4AF8B-18CF-4259-BB42-4478E1640937}.Release|x86.ActiveCfg = Release|Win32
		{62D4AF8B-18CF-4259-BB42-4478E1640937}.Release|x86.Build.0 = Release|Win32
		{0FD4D384-15C7-4B68-ACF9-CDB067D5905C}.Debug|x64.ActiveCfg = Debug|x64
		{0FD4D384-15C7-4B68-ACF9-CDB067D5905C}.Debug|x64.Build.0 = Debug|x64
		{0FD4D384-15C7-4B68-ACF9-CDB067D5905C}.Debug|x86.ActiveCfg = Debug|Win32
		{0FD4D384-15C7-4B68-ACF9-CDB067D5905C}.Debug|x86.Build.0 = Debug|Win32
		{0FD4D384-15C7-4B68-ACF9-CDB067D5905C}.Release|x64.ActiveCfg = Release|x64
		{0FD4D384-15C7-4B68-ACF9-CDB067D5905C}.Release|x64.Build.0 = Release|x64
		{0FD4D384-15C7-4B68-ACF9-CDB067D5905C}.Release|x86.ActiveCfg = Release|Win32
		{0FD4D384-15C7-4B68-ACF9-CDB067D5905C}.Release|x86.Build.0 = Release|Win32
		{4F20CDDA-98BC-42FB-B087-8334C2563E24}.Debug|x64.ActiveCfg = Debug|x64
		{4F20CDDA-98BC-42FB-B087-8334C2563E24}.Debug|x64.Build.0 = Debug|x64
		{4F20CDDA-98BC-42FB-B087-8334C2563E24}.Debug|x86.ActiveCfg = Debug|Win32
		{4F20CDDA-98BC-42FB-B087-8334C2563E24}.Debug|x86.Build.0 = Debug|Win32
		{4F20CDDA-98BC-42FB-B087-8334C2563E24}.Release|x64.ActiveCfg = Release|x64
		{4F20CDDA-98BC-42FB-B087-8334C2563E24}.Release|x64.Build.0 = Release|x64
		{4F20CDDA-98BC-42FB-B087-8334C2563E24}.Release|x86.ActiveCfg = Release|Win32
		{4F20CDDA-98BC-42FB-B087-8334C2563E24}.Release|x86.Build.0 = Release|Win32
		{980C2A6D-7D03-4FCA-999B-2B0C7D9E310D}.Debug|x64.ActiveCfg = Debug|x64
		{980C2A6D-7D03-4FCA-999B-2B0C7D9E310D}.Debug|x64.Build.0 = Debug|x64
		{980C2A6D-7D03-4FCA-999B-2B0C7D9E310D}.Debug|x86.ActiveCfg = Debug|Win32
		{980C2A6D-7D03-4FCA-999B-2B0C7D9E310D}.Debug|x86.Build.0 = Debug|Win32
		{980C2A6D-7D03-4FCA-999B-2B0C7D9E310D}.Release|x64.ActiveCfg = Release|x64
		{980C2A6D-7D03-4FCA-999B-2B0C7D9E310D}.Release|x64.Build.0 = Release|x64
		{980C2A6D-7D03-4FCA-999B-2B0C7D9E310D}.Release|x86.ActiveCfg = Release|Win32
		{980C2A6D-7D03-4FCA-999B-2B0C7D9E310D}.Release|x86.Build.0 = Release|Win32
		{53B3DC1A-0A6A-4950-BF1E-A0C1BB4E5FBD}.Debug|x64.ActiveCfg = Debug|x64
		{53B3DC1A-0A6A-4950-BF1E-A0C1BB4E5FBD}.Debug|x64.Build.0 = Debug|x64
		{53B3DC1A-0A6A-4950-BF1E-A0C1BB4E5FBD}.Debug|x86.ActiveCfg = Debug|Win32
		{53B3DC1A-0A6A-4950-BF1E-A0C1BB4E5FBD}.Debug|x86.Build.0 = Debug|Win32
		{53B3DC1A-0A6A-4950-BF1E-A0C1BB4E5FBD}.Release|x64.ActiveCfg = Release|x64
		{53B3DC1A-0A6A-4950-BF1E-A0C1BB4E5FBD}.Release|x64.Build.0 = Release|x64
		{53B3DC1A-0A6A-4950-BF1E-A0C1BB4E5FBD}.Release|x86.ActiveCfg = Release|Win32
		{53B3DC1A-0A6A-4950-BF1E-A0C1BB4E5FBD}.Release|x86.Build.0 = Release|Win32
		{7F7D6EC6-F98D-4C6B-9845-E94E8C4935A2}.Debug|x64.ActiveCfg = Debug|x64
		{7F7D6EC6-F98D-4C6B-9845-E94E8C4935A2}.Debug|x64.Build.0 = Debug|x64
		{7F7D6EC6-F98D-4C6B-9845-E94E8C4935A2}.Debug|x86.ActiveCfg = Debug|Win32
		{7F7D6EC6-F98D-4C6B-9845-E94E8C4935A2}.Debug|x86.Build.0 = Debug|Win32
		{7F7D6EC6-F98D-4C6B-9845-E94E8C4935A2}.Release|x64.ActiveCfg = Release|x64
		{7F7D6EC6-F98D-4C6B-9845-E94E8C4935A2}.Release|x64.Build.0 = Release|x64
		{7F7D6EC6-F98D-4C6B-9845-E94E8C4935A2}.Release|x86.ActiveCfg = Release|Win32
		{7F7D6EC6-F98D-4C6B-9845-E94E8C4935A2}.Release|x86.Build.0 = Release|Win32
		{C1A5657B-1114-4D57-AF32-8B122F65149A}.Debug|x64.ActiveCfg = Debug|x64
		{C1A5657B-1114-4D57-AF32-8B122F65149A}.Debug|x64.Build.0 = Debug|x64
		{C1A5657B-1114-4D57-AF32-8B122F65149A}.Debug|x86.ActiveCfg = Debug|Win32
		{C1A5657B-1114-4D57-AF32-8B122F65149A}.Debug|x86.Build.0 = Debug|Win32
		{C1A5657B-1114-4D57-AF32-8B122F65149A}.Release|x64.ActiveCfg = Release|x64
		{C1A5657B-1114-4D57-AF32-8B122F65149A}.Release|x64.Build.0 = Release|x64
		{C1A5657B-1114-4D57-AF32-8B122F65149A}.Release|x86.ActiveCfg = Release|Win32
		{C1A5657B-1114-4D57-AF32-8B122F65149A}.Release|x86.Build.0 = Release|Win32
		{88BD1943-061B-4361-8961-21A9C9C299F2}.Debug|x64.ActiveCfg = Debug|x64
		{88BD1943-061B-4361-8961-21A9C9C299F2}.Debug|x64.Build.0 = Debug|x64
		{88BD1943-061B-4361-8961-21A9C9C299F2}.Debug|x86.ActiveCfg = Debug|Win32
		{88BD1943-061B-4361-8961-21A9C9C299F2}.Debug|x86.Build.0 = Debug|Win32
		{88BD1943-061B-4361-8961-21A9C9C299F2}.Release|x64.ActiveCfg = Release|x64
		{88BD1943-061B-4361-8961-21A9C9C299F2}.Release|x64.Build.0 = Release|x64
		{88BD1943-061B-4361-8961-21A9C9C299F2}.Release|x86.ActiveCfg = Release|Win32
		{88BD1943-061B-4361-8961-21A9C9C299F2}.Release|x86.Build.0 = Release|Win32
		{5E2BE13A-3887-4A75-AC1D-50263C998516}.Debug|x64.ActiveCfg = Debug|x64
		{5E2BE13A-3887-4A75-AC1D-50263C998516}.Debug|x64.Build.0 = Debug|x64
		{5E2BE13A-3887-4A75-AC1D-50263C998516}.Debug|x86.ActiveCfg = Debug|Win32
		{5E2BE13A-3887-4A75-AC1D-50263C998516}.Debug|x86.Build.0 = Debug|Win32
		{5E2BE13A-3887-4A75-AC1D-50263C998516}.Release|x64.ActiveCfg = Release|x64
		{5E2BE13A-3887-4A75-AC1D-50263C998516}.Release|x64.Build.0 = Release|x64
		{5E2BE13A-3887-4A75-AC1D-50263C998516}.Release|x86.ActiveCfg = Release|Win32
		{5E2BE13A-3887-4A75-AC1D-50263C998516}.Release|x86.Build.0 = Release|Win32
		{65CF8C59-4E5A-4A87-A5AE-DBE2B4E7752B}.Debug|x64.ActiveCfg = Debug|x64
		{65CF8C59-4E5A-4A87-A5AE-DBE2B4E7752B}.Debug|x64.Build.0 = Debug|x64
		{65CF8C59-4E5A-4A87-A5AE-DBE2B4E7752B}.Debug|x86.ActiveCfg = Debug|Win32
		{65CF8C59-4E5A-4A87-A5AE-DBE2B4E7752B}.Debug|x86.Build.0 = Debug|Win32
		{65CF8C59-4E5A-4A87-A5AE-DBE2B4E7752B}.Release|x64.ActiveCfg = Release|x64
		{65CF8C59-4E5A-4A87-A5AE-DBE2B4E7752B}.Release|x64.Build.0 = Release|x64
		{65CF8C59-4E5A-4A87-A5AE-DBE2B4E7752B}.Release|x86.ActiveCfg = Release|Win32
		{65CF8C59-4E5A-4A87-A5AE-DBE2B4E7752B}.Release|x86.Build.0 = Release|Win32
		{8FC37C78-8745-4ACC-A7F9-47E0B3083951}.Debug|x64.ActiveCfg = Debug|x64
		{8FC37C78-8745-4ACC-A7F9-47E0B3083951}.Debug|x64.Build.0 = Debug|x64
		{8FC37C78-8745-4ACC-A7F9-47E0B3083951}.Debug|x86.ActiveCfg = Debug|Win32
		{8FC37C78-8745-4ACC-A7F9-47E0B3083951}.Debug|x86.Build.0 = Debug|Win32
		{8FC37C78-8745-4ACC-A7F9-47E0B3083951}.Release|x64.ActiveCfg = Release|x64
		{8FC37C78-8745-4ACC-A7F9-47E0B3083951}.Release|x64.Build.0 = Release|x64
		{8FC37C78-8745-4ACC-A7F9-47E0B3083951}.Release|x86.ActiveCfg = Release|Win32
		{8FC37C78-8745-4ACC-A7F9-47E0B3083951}.Release|x86.Build.0 = Release|Win32
		{B7713DA9-2126-4BCE-9C1A-6A242C4CDA93}.Debug|x64.ActiveCfg = Debug|x64
		{B7713DA9-2126-4BCE-9C1A-6A242C4CDA93}.Debug|x64.Build.0 = Debug|x64
		{B7713DA9-2126-4BCE-9C1A-6A242C4CDA93}.Debug|x86.ActiveCfg = Debug|Win32
		{B7713DA9-2126-4BCE-9C1A-6A242C4CDA93}.Debug|x86.Build.0 = Debug|Win32
		{B7713DA9-2126-4BCE-9C1A-6A242C4CDA93}.Release|x64.ActiveCfg = Release|x64
		{B7713DA9-2126-4BCE-9C1A-6A242C4CDA93}.Release|x64.Build.0 = Release|x64
		{B7713DA9-2126-4BCE-9C1A-6A242C4CDA93}.Release|x86.ActiveCfg = Release|Win32
		{B7713DA9-2126-4BCE-9C1A-6A242C4CDA93}.Release|x86.Build.0 = Release|Win32
		{DF021894-8A31-4677-8649-3AC74D03CC73}.Debug|x64.ActiveCfg = Debug|x64
		{DF021894-8A31-4677-8649-3AC74D03CC73}.Debug|x64.Build.0 = Debug|x64
		{DF021894-8A31-4677-8649-3AC74D03CC73}.Debug|x86.ActiveCfg = Debug|Win32
		{DF021894-8A31-4677-8649-3AC74D03CC73}.Debug|x86.Build.0 = Debug|Win32
		{DF021894-8A31-4677-8649-3AC74D03CC73}.Release|x64.ActiveCfg = Release|x64
		{DF021894-8A31-4677-8649-3AC74D03CC73}.Release|x64.Build.0 = Release|x64
		{DF021894-8A31-4677-8649-3AC74D03CC73}.Release|x86.ActiveCfg = Release|Win32
		{DF021894-8A31-4677-8649-3AC74D03CC73}.Release|x86.Build.0 = Release|Win32
		{BCC84775-FDC9-48FE-84F5-FDD051E7058C}.Debug|x64.ActiveCfg = Debug|x64
		{BCC84775-FDC9-48FE-84F5-FDD051E7058C}.Debug|x64.Build.0 = Debug|x64
		{BCC84775-FDC9-48FE-84F5-FDD051E7058C}.Debug|x86.ActiveCfg = Debug|Win32
		{BCC84775-FDC9-48FE-84F5-FDD051E7058C}.Debug|x86.Build.0 = Debug|Win32
		{BCC84775-FDC9-48FE-84F5-FDD051E7058C}.Release|x64.ActiveCfg = Release|x64
		{BCC84775-FDC9-48FE-84F5-FDD051E7058C}.Release|x64.Build.0 = Release|x64
		{BCC84775-FDC9-48FE-84F5-FDD051E7058C}.Release|x86.ActiveCfg = Release|Win32
		{BCC84775-FDC9-48FE-84F5-FDD051E7058C}.Release|x86.Build.0 = Release|Win32
		{C390EBBF-BECE-4D1E-ADB2-D6306C29D13D}.Debug|x64.ActiveCfg = Debug|x64
		{C390EBBF-BECE-4D1E-ADB2-D6306C29D13D}.Debug|x64.Build.0 = Debug|x64
		{C390EBBF-BECE-4D1E-ADB2-D6306C29D13D}.Debug|x86.ActiveCfg = Debug|Win32
		{C390EBBF-BECE-4D1E-ADB2-D6306C29D13D}.Debug|x86.Build.0 = Debug|Win32
		{C390EBBF-BECE-4D1E-ADB2-D6306C29D13D}.Release|x64.ActiveCfg = Release|x64
		{C390EBBF-BECE-4D1E-ADB2-D6306C29D13D}.Release|x64.Build.0 = Release|x64
		{C390EBBF-BECE-4D1E-ADB2-D6306C29D13D}.Release|x86.ActiveCfg = Release|Win32
		{C390EBBF-BECE-4D1E-ADB2-D6306C29D13D}.Release|x86.Build.0 = Release|Win32
		{C57543A2-B4D6-4A56-B72D-07D06A2EDF0D}.Debug|x64.ActiveCfg = Debug|x64
		{C57543A2-B4D6-4A56-B72D-07D06A2EDF0D}.Debug|x64.Build.0 = Debug|x64
		{C57543A2-B4D6-4A56-B72D-07D06A2EDF0D}.Debug|x86.ActiveCfg = Debug|Win32
		{C57543A2-B4D6-4A56-B72D-07D06A2EDF0D}.Debug|x86.Build.0 = Debug|Win32
		{C57543A2-B4D6-4A56-B72D-07D06A2EDF0D}.Release|x64.ActiveCfg = Release|x64
		{C57543A2-B4D6-4A56-B72D-07D06A2EDF0D}.Release|x64.Build.0 = Release|x64
		{C57543A2-B4D6-4A56-B72D-07D06A2EDF0D}.Release|x86.ActiveCfg = Release|Win32
		{C57543A2-B4D6-4A56-B72D-07D06A2EDF0D}.Release|x86.Build.0 = Release|Win32
		{292A1648-9968-4E67-A95E-DF2BDDEC30A8}.Debug|x64.ActiveCfg = Debug|x64
		{292A1648-9968-4E67-A95E-DF2BDDEC30A8}.Debug|x64.Build.0 = Debug|x64
		{292A1648-9968-4E67-A95E-DF2BDDEC30A8}.Debug|x86.ActiveCfg = Debug|Win32
		{292A1648-9968-4E67-A95E-DF2BDDEC30A8}.Debug|x86.Build.0 = Debug|Win32
		{292A1648-9968-4E67-A95E-DF2BDDEC30A8}.Release|x64.ActiveCfg = Release|x64
		{292A1648-9968-4E67-A95E-DF2BDDEC30A8}.Release|x64.Build.0 = Release|x64
		{292A1648-9968-4E67-A95E-DF2BDDEC30A8}.Release|x86.ActiveCfg = Release|Win32
		{292A1648-9968-4E67-A95E-DF2BDDEC30A8}.Release|x86.Build.0 = Release|Win32
		{634B2649-256C-49B1-90D5-5D4ECB257735}.Debug|x64.ActiveCfg = Debug|x64
		{634B2649-256C-49B1-90D5-5D4ECB257735}.Debug|x64.Build.0 = Debug|x64
		{634B2649-256C-49B1-90D5-5D4ECB257735}.Debug|x86.ActiveCfg = Debug|Win32
		{634B2649-256C-49B1-90D5-5D4ECB257735}.Debug|x86.Build.0 = Debug|Win32
		{634B2649-256C-49B1-90D5-5D4ECB257735}.Release|x64.ActiveCfg = Release|x64
		{634B2649-256C-49B1-90D5-5D4ECB257735}.Release|x64.Build.0 = Release|x64
		{634B2649-256C-49B1-90D5-5D4ECB257735}.Release|x86.ActiveCfg = Release|Win32
		{634B2649-256C-49B1-90D5-5D4ECB257735}.Release|x86.Build.0 = Release|Win32
		{96A553BD-93B3-4FE7-B9CE-ED6C7E70AFA4}.Debug|x64.ActiveCfg = Debug|x64
		{96A553BD-93B3-4FE7-B9CE-ED6C7E70AFA4}.Debug|x64.Build.0 = Debug|x64
		{96A553BD-93B3-4FE7-B9CE-ED6C7E70AFA4}.Debug|x86.ActiveCfg = Debug|Win32
		{96A553BD-93B3-4FE7-B9CE-ED6C7E70AFA4}.Debug|x86.Build.0 = Debug|Win32
		{96A553BD-93B3-4FE7-B9CE-ED6C7E70AFA4}.Release|x64.ActiveCfg = Release|x64
		{96A553BD-93B3-4FE7-B9CE-ED6C7E70AFA4}.Release|x64.Build.0 = Release|x64
		{96A553BD-93B3-4FE7-B9CE-ED6C7E70AFA4}.Release|x86.ActiveCfg = Release|Win32
		{96A553BD-93B3-4FE7-B9CE-ED6C7E70AFA4}.Release|x86.Build.0 = Release|Win32
		{D2A1ED90-41AF-44CB-99F3-29C8BBB862A0}.Debug|x64.ActiveCfg = Debug|x64
		{D2A1ED90-41AF-44CB-99F3-29C8BBB862A0}.Debug|x64.Build.0 = Debug|x64
		{D2A1ED90-41AF-44CB-99F3-29C8BBB862A0}.Debug|x86.ActiveCfg = Debug|Win32
		{D2A1ED90-41AF-44CB-99F3-29C8BBB862A0}.Debug|x86.Build.0 = Debug|Win32
		{D2A1ED90-41AF-44CB-99F3-29C8BBB862A0}.Release|x64.ActiveCfg = Release|x64
		{D2A1ED90-41AF-44CB-99F3-29C8BBB862A0}.Release|x64.Build.0 = Release|x64
		{D2A1ED90-41AF-44CB-99F3-29C8BBB862A0}.Release|x86.ActiveCfg = Release|Win32
		{D2A1ED90-41AF-44CB-99F3-29C8BBB862A0}.Release|x86.Build.0 = Release|Win32
		{5201FF93-D8C8-419A-9165-20EE110BE3F6}.Debug|x64.ActiveCfg = Debug|x64
		{5201FF93-D8C8-419A-9165-20EE110BE3F6}.Debug|x64.Build.0 = Debug|x64
		{5201FF93-D8C8-419A-9165-20EE110BE3F6}.Debug|x86.ActiveCfg = Debug|Win32
		{5201FF93-D8C8-419A-9165-20EE110BE3F6}.Debug|x86.Build.0 = Debug|Win32
		{5201FF93-D8C8-419A-9165-20EE110BE3F6}.Release|x64.ActiveCfg = Release|x64
		{5201FF93-D8C8-419A-9165-20EE110BE3F6}.Release|x64.Build.0 = Release|x64
		{5201FF93-D8C8-419A-9165-20EE110BE3F6}.Release|x86.ActiveCfg = Release|Win32
		{5201FF93-D8C8-419A-9165-20EE110BE3F6}.Release|x86.Build.0 = Release|Win32
	EndGlobalSection
	GlobalSection(SolutionProperties) = preSolution
		HideSolutionNode = FALSE
	EndGlobalSection
	GlobalSection(ExtensibilityGlobals) = postSolution
		SolutionGuid = {985BBEBC-FA8F-430A-8166-C7E9555A0FF3}
	EndGlobalSection
EndGlobal
